
Microsoft Visual Studio Solution File, Format Version 12.00
# Visual Studio Version 17
VisualStudioVersion = 17.5.002.0
MinimumVisualStudioVersion = 10.0.40219.1
Project("{FAE04EC0-301F-11D3-BF4B-00C04F79EFBC}") = "minimal-api", "Api\minimal-api.csproj", "{F334D288-A0C8-4A08-96EB-FEA8E4F81E4D}"
EndProject
Project("{FAE04EC0-301F-11D3-BF4B-00C04F79EFBC}") = "Test", "Test\Test.csproj", "{594F1A7C-3625-4A9E-BCDB-848081E19B90}"
EndProject
Global
	GlobalSection(SolutionConfigurationPlatforms) = preSolution
		Debug|Any CPU = Debug|Any CPU
		Release|Any CPU = Release|Any CPU
	EndGlobalSection
	GlobalSection(ProjectConfigurationPlatforms) = postSolution
		{F4EE9996-992E-44A0-926F-F7B54346D284}.Debug|Any CPU.ActiveCfg = Debug|Any CPU
		{F4EE9996-992E-44A0-926F-F7B54346D284}.Debug|Any CPU.Build.0 = Debug|Any CPU
		{F4EE9996-992E-44A0-926F-F7B54346D284}.Release|Any CPU.ActiveCfg = Release|Any CPU
		{F4EE9996-992E-44A0-926F-F7B54346D284}.Release|Any CPU.Build.0 = Release|Any CPU
		{F334D288-A0C8-4A08-96EB-FEA8E4F81E4D}.Debug|Any CPU.ActiveCfg = Debug|Any CPU
		{F334D288-A0C8-4A08-96EB-FEA8E4F81E4D}.Debug|Any CPU.Build.0 = Debug|Any CPU
		{F334D288-A0C8-4A08-96EB-FEA8E4F81E4D}.Release|Any CPU.ActiveCfg = Release|Any CPU
		{F334D288-A0C8-4A08-96EB-FEA8E4F81E4D}.Release|Any CPU.Build.0 = Release|Any CPU
		{594F1A7C-3625-4A9E-BCDB-848081E19B90}.Debug|Any CPU.ActiveCfg = Debug|Any CPU
		{594F1A7C-3625-4A9E-BCDB-848081E19B90}.Debug|Any CPU.Build.0 = Debug|Any CPU
		{594F1A7C-3625-4A9E-BCDB-848081E19B90}.Release|Any CPU.ActiveCfg = Release|Any CPU
		{594F1A7C-3625-4A9E-BCDB-848081E19B90}.Release|Any CPU.Build.0 = Release|Any CPU
	EndGlobalSection
	GlobalSection(SolutionProperties) = preSolution
		HideSolutionNode = FALSE
	EndGlobalSection
	GlobalSection(ExtensibilityGlobals) = postSolution
		SolutionGuid = {02F48A6D-0B92-4B78-8D24-2381CE1345CF}
	EndGlobalSection
EndGlobal
